
Microsoft Visual Studio Solution File, Format Version 12.00
# Visual Studio Version 16
VisualStudioVersion = 16.0.31911.196
MinimumVisualStudioVersion = 10.0.40219.1
Project("{8BC9CEB8-8B4A-11D0-8D11-00A0C91BC942}") = "VulkanRenderer", "VulkanRenderer\VulkanRenderer.vcxproj", "{FFC18CCC-BD54-4A84-B15E-5C911A55E968}"
EndProject
Global
	GlobalSection(SolutionConfigurationPlatforms) = preSolution
		Debug|x64 = Debug|x64
		Release|x64 = Release|x64
	EndGlobalSection
	GlobalSection(ProjectConfigurationPlatforms) = postSolution
		{FFC18CCC-BD54-4A84-B15E-5C911A55E968}.Debug|x64.ActiveCfg = Debug|x64
		{FFC18CCC-BD54-4A84-B15E-5C911A55E968}.Debug|x64.Build.0 = Debug|x64
		{FFC18CCC-BD54-4A84-B15E-5C911A55E968}.Release|x64.ActiveCfg = Release|x64
		{FFC18CCC-BD54-4A84-B15E-5C911A55E968}.Release|x64.Build.0 = Release|x64
	EndGlobalSection
	GlobalSection(SolutionProperties) = preSolution
		HideSolutionNode = FALSE
	EndGlobalSection
	GlobalSection(ExtensibilityGlobals) = postSolution
		SolutionGuid = {6275D5C9-9ED8-499E-9700-32957B9580D6}
	EndGlobalSection
EndGlobal
